
Microsoft Visual Studio Solution File, Format Version 12.00
# Visual Studio Version 16
VisualStudioVersion = 16.0.30114.105
MinimumVisualStudioVersion = 10.0.40219.1
Project("{FAE04EC0-301F-11D3-BF4B-00C04F79EFBC}") = "KaspiLab1", "KaspiLab1\KaspiLab1.csproj", "{1DD439E8-899C-4B23-B429-B050912CEA51}"
EndProject
Project("{FAE04EC0-301F-11D3-BF4B-00C04F79EFBC}") = "KaspiLab2", "KaspiLab2\KaspiLab2.csproj", "{67879FD0-27A1-48A6-9DDE-74F95EFD5845}"
EndProject
Project("{FAE04EC0-301F-11D3-BF4B-00C04F79EFBC}") = "Lab3", "Lab3\Lab3.csproj", "{E1BFBD90-9D3E-4068-98AF-2B95D6FB5D7E}"
EndProject
Global
	GlobalSection(SolutionConfigurationPlatforms) = preSolution
		Debug|Any CPU = Debug|Any CPU
		Release|Any CPU = Release|Any CPU
	EndGlobalSection
	GlobalSection(ProjectConfigurationPlatforms) = postSolution
		{1DD439E8-899C-4B23-B429-B050912CEA51}.Debug|Any CPU.ActiveCfg = Debug|Any CPU
		{1DD439E8-899C-4B23-B429-B050912CEA51}.Debug|Any CPU.Build.0 = Debug|Any CPU
		{1DD439E8-899C-4B23-B429-B050912CEA51}.Release|Any CPU.ActiveCfg = Release|Any CPU
		{1DD439E8-899C-4B23-B429-B050912CEA51}.Release|Any CPU.Build.0 = Release|Any CPU
		{67879FD0-27A1-48A6-9DDE-74F95EFD5845}.Debug|Any CPU.ActiveCfg = Debug|Any CPU
		{67879FD0-27A1-48A6-9DDE-74F95EFD5845}.Debug|Any CPU.Build.0 = Debug|Any CPU
		{67879FD0-27A1-48A6-9DDE-74F95EFD5845}.Release|Any CPU.ActiveCfg = Release|Any CPU
		{67879FD0-27A1-48A6-9DDE-74F95EFD5845}.Release|Any CPU.Build.0 = Release|Any CPU
		{E1BFBD90-9D3E-4068-98AF-2B95D6FB5D7E}.Debug|Any CPU.ActiveCfg = Debug|Any CPU
		{E1BFBD90-9D3E-4068-98AF-2B95D6FB5D7E}.Debug|Any CPU.Build.0 = Debug|Any CPU
		{E1BFBD90-9D3E-4068-98AF-2B95D6FB5D7E}.Release|Any CPU.ActiveCfg = Release|Any CPU
		{E1BFBD90-9D3E-4068-98AF-2B95D6FB5D7E}.Release|Any CPU.Build.0 = Release|Any CPU
	EndGlobalSection
	GlobalSection(SolutionProperties) = preSolution
		HideSolutionNode = FALSE
	EndGlobalSection
	GlobalSection(ExtensibilityGlobals) = postSolution
		SolutionGuid = {8CC72C15-F14D-44FB-8E44-63904CE967B5}
	EndGlobalSection
EndGlobal
